
Microsoft Visual Studio Solution File, Format Version 12.00
# Visual Studio Version 17
VisualStudioVersion = 17.8.34408.163
MinimumVisualStudioVersion = 10.0.40219.1
Project("{8BC9CEB8-8B4A-11D0-8D11-00A0C91BC942}") = "Workshop01-P2", "Workshop01-P2.vcxproj", "{80CC7506-D40B-4348-8BBE-1BC1E4812962}"
EndProject
Global
	GlobalSection(SolutionConfigurationPlatforms) = preSolution
		Debug|x64 = Debug|x64
		Debug|x86 = Debug|x86
		Release|x64 = Release|x64
		Release|x86 = Release|x86
	EndGlobalSection
	GlobalSection(ProjectConfigurationPlatforms) = postSolution
		{80CC7506-D40B-4348-8BBE-1BC1E4812962}.Debug|x64.ActiveCfg = Debug|x64
		{80CC7506-D40B-4348-8BBE-1BC1E4812962}.Debug|x64.Build.0 = Debug|x64
		{80CC7506-D40B-4348-8BBE-1BC1E4812962}.Debug|x86.ActiveCfg = Debug|Win32
		{80CC7506-D40B-4348-8BBE-1BC1E4812962}.Debug|x86.Build.0 = Debug|Win32
		{80CC7506-D40B-4348-8BBE-1BC1E4812962}.Release|x64.ActiveCfg = Release|x64
		{80CC7506-D40B-4348-8BBE-1BC1E4812962}.Release|x64.Build.0 = Release|x64
		{80CC7506-D40B-4348-8BBE-1BC1E4812962}.Release|x86.ActiveCfg = Release|Win32
		{80CC7506-D40B-4348-8BBE-1BC1E4812962}.Release|x86.Build.0 = Release|Win32
	EndGlobalSection
	GlobalSection(SolutionProperties) = preSolution
		HideSolutionNode = FALSE
	EndGlobalSection
	GlobalSection(ExtensibilityGlobals) = postSolution
		SolutionGuid = {68A9D878-566C-41E4-A73F-1BF7679AEE43}
	EndGlobalSection
EndGlobal
